
Microsoft Visual Studio Solution File, Format Version 12.00
# Visual Studio Version 17
VisualStudioVersion = 17.2.32630.192
MinimumVisualStudioVersion = 10.0.40219.1
Project("{FAE04EC0-301F-11D3-BF4B-00C04F79EFBC}") = "PON_THE_FLY", "PON_THE_FLY\PON_THE_FLY.csproj", "{3F8E7BC5-302F-4B13-BAA4-A2C48F192187}"
EndProject
Global
	GlobalSection(SolutionConfigurationPlatforms) = preSolution
		Debug|Any CPU = Debug|Any CPU
		Release|Any CPU = Release|Any CPU
	EndGlobalSection
	GlobalSection(ProjectConfigurationPlatforms) = postSolution
		{3F8E7BC5-302F-4B13-BAA4-A2C48F192187}.Debug|Any CPU.ActiveCfg = Debug|Any CPU
		{3F8E7BC5-302F-4B13-BAA4-A2C48F192187}.Debug|Any CPU.Build.0 = Debug|Any CPU
		{3F8E7BC5-302F-4B13-BAA4-A2C48F192187}.Release|Any CPU.ActiveCfg = Release|Any CPU
		{3F8E7BC5-302F-4B13-BAA4-A2C48F192187}.Release|Any CPU.Build.0 = Release|Any CPU
	EndGlobalSection
	GlobalSection(SolutionProperties) = preSolution
		HideSolutionNode = FALSE
	EndGlobalSection
	GlobalSection(ExtensibilityGlobals) = postSolution
		SolutionGuid = {2FBBD043-84D7-4E63-8410-252173C804A1}
	EndGlobalSection
EndGlobal
